<Solution>
  <Project Path="src/Domain/TradingClient.Domain.csproj" />
  <Project Path="src/Application/TradingClient.Application.csproj" />
  <Project Path="src/Infrastructure/Exchanges.Common/TradingClient.Exchanges.Common.csproj" />
  <Project Path="src/Infrastructure/Exchanges.Gate/TradingClient.Exchanges.Gate.csproj" />
  <Project Path="tests/Domain.Tests/TradingClient.Domain.Tests.csproj" />
  <Project Path="tests/Application.Tests/TradingClient.Application.Tests.csproj" />
  <Project Path="tests/Exchanges.ContractTests/TradingClient.Exchanges.ContractTests.csproj" />
  <Project Path="tests/Infrastructure.Tests/TradingClient.Infrastructure.Tests.csproj" />
  <Folder Name="/Solution Items/">
    <File Path=".editorconfig" />
    <File Path="Directory.Build.props" />
    <File Path="Directory.Packages.props" />
  </Folder>
</Solution>
